// !$*UTF8*$!
{
	archiveVersion = 1;
	classes = {
	};
	objectVersion = 56;
	objects = {

/* Begin PBXBuildFile section */
		6F26C4032A8FA1380072EB2E /* CollectionViewCell.swift in Sources */ = {isa = PBXBuildFile; fileRef = 6F26C4022A8FA1380072EB2E /* CollectionViewCell.swift */; };
		6F26C4052A8FB2AD0072EB2E /* SarkiModel.swift in Sources */ = {isa = PBXBuildFile; fileRef = 6F26C4042A8FB2AD0072EB2E /* SarkiModel.swift */; };
		6F49FEC52A8EC67100A8440C /* AppDelegate.swift in Sources */ = {isa = PBXBuildFile; fileRef = 6F49FEC42A8EC67100A8440C /* AppDelegate.swift */; };
		6F49FEC72A8EC67100A8440C /* SceneDelegate.swift in Sources */ = {isa = PBXBuildFile; fileRef = 6F49FEC62A8EC67100A8440C /* SceneDelegate.swift */; };
		6F49FEC92A8EC67100A8440C /* ViewController.swift in Sources */ = {isa = PBXBuildFile; fileRef = 6F49FEC82A8EC67100A8440C /* ViewController.swift */; };
		6F49FECC2A8EC67100A8440C /* Main.storyboard in Resources */ = {isa = PBXBuildFile; fileRef = 6F49FECA2A8EC67100A8440C /* Main.storyboard */; };
		6F49FECE2A8EC67200A8440C /* Assets.xcassets in Resources */ = {isa = PBXBuildFile; fileRef = 6F49FECD2A8EC67200A8440C /* Assets.xcassets */; };
		6F49FED12A8EC67200A8440C /* LaunchScreen.storyboard in Resources */ = {isa = PBXBuildFile; fileRef = 6F49FECF2A8EC67200A8440C /* LaunchScreen.storyboard */; };
		6FC83BB02A901F9900C921EA /* SarkiModel2.swift in Sources */ = {isa = PBXBuildFile; fileRef = 6FC83BAF2A901F9900C921EA /* SarkiModel2.swift */; };
		6FC83BB22A90C45F00C921EA /* SarkiDerlemesiCollectionViewCell.swift in Sources */ = {isa = PBXBuildFile; fileRef = 6FC83BB12A90C45F00C921EA /* SarkiDerlemesiCollectionViewCell.swift */; };
/* End PBXBuildFile section */

/* Begin PBXFileReference section */
		6F26C4022A8FA1380072EB2E /* CollectionViewCell.swift */ = {isa = PBXFileReference; lastKnownFileType = sourcecode.swift; path = CollectionViewCell.swift; sourceTree = "<group>"; };
		6F26C4042A8FB2AD0072EB2E /* SarkiModel.swift */ = {isa = PBXFileReference; lastKnownFileType = sourcecode.swift; path = SarkiModel.swift; sourceTree = "<group>"; };
		6F49FEC12A8EC67100A8440C /* YoutubeMusic.app */ = {isa = PBXFileReference; explicitFileType = wrapper.application; includeInIndex = 0; path = YoutubeMusic.app; sourceTree = BUILT_PRODUCTS_DIR; };
		6F49FEC42A8EC67100A8440C /* AppDelegate.swift */ = {isa = PBXFileReference; lastKnownFileType = sourcecode.swift; path = AppDelegate.swift; sourceTree = "<group>"; };
		6F49FEC62A8EC67100A8440C /* SceneDelegate.swift */ = {isa = PBXFileReference; lastKnownFileType = sourcecode.swift; path = SceneDelegate.swift; sourceTree = "<group>"; };
		6F49FEC82A8EC67100A8440C /* ViewController.swift */ = {isa = PBXFileReference; lastKnownFileType = sourcecode.swift; path = ViewController.swift; sourceTree = "<group>"; };
		6F49FECB2A8EC67100A8440C /* Base */ = {isa = PBXFileReference; lastKnownFileType = file.storyboard; name = Base; path = Base.lproj/Main.storyboard; sourceTree = "<group>"; };
		6F49FECD2A8EC67200A8440C /* Assets.xcassets */ = {isa = PBXFileReference; lastKnownFileType = folder.assetcatalog; path = Assets.xcassets; sourceTree = "<group>"; };
		6F49FED02A8EC67200A8440C /* Base */ = {isa = PBXFileReference; lastKnownFileType = file.storyboard; name = Base; path = Base.lproj/LaunchScreen.storyboard; sourceTree = "<group>"; };
		6F49FED22A8EC67200A8440C /* Info.plist */ = {isa = PBXFileReference; lastKnownFileType = text.plist.xml; path = Info.plist; sourceTree = "<group>"; };
		6FC83BAF2A901F9900C921EA /* SarkiModel2.swift */ = {isa = PBXFileReference; lastKnownFileType = sourcecode.swift; path = SarkiModel2.swift; sourceTree = "<group>"; };
		6FC83BB12A90C45F00C921EA /* SarkiDerlemesiCollectionViewCell.swift */ = {isa = PBXFileReference; lastKnownFileType = sourcecode.swift; path = SarkiDerlemesiCollectionViewCell.swift; sourceTree = "<group>"; };
/* End PBXFileReference section */

/* Begin PBXFrameworksBuildPhase section */
		6F49FEBE2A8EC67100A8440C /* Frameworks */ = {
			isa = PBXFrameworksBuildPhase;
			buildActionMask = 2147483647;
			files = (
			);
			runOnlyForDeploymentPostprocessing = 0;
		};
/* End PBXFrameworksBuildPhase section */

/* Begin PBXGroup section */
		6F49FEB82A8EC67100A8440C = {
			isa = PBXGroup;
			children = (
				6F49FEC32A8EC67100A8440C /* YoutubeMusic */,
				6F49FEC22A8EC67100A8440C /* Products */,
			);
			sourceTree = "<group>";
		};
		6F49FEC22A8EC67100A8440C /* Products */ = {
			isa = PBXGroup;
			children = (
				6F49FEC12A8EC67100A8440C /* YoutubeMusic.app */,
			);
			name = Products;
			sourceTree = "<group>";
		};
		6F49FEC32A8EC67100A8440C /* YoutubeMusic */ = {
			isa = PBXGroup;
			children = (
				6F49FEC42A8EC67100A8440C /* AppDelegate.swift */,
				6F49FEC62A8EC67100A8440C /* SceneDelegate.swift */,
				6F49FEC82A8EC67100A8440C /* ViewController.swift */,
				6FC83BAF2A901F9900C921EA /* SarkiModel2.swift */,
				6F26C4022A8FA1380072EB2E /* CollectionViewCell.swift */,
				6FC83BB12A90C45F00C921EA /* SarkiDerlemesiCollectionViewCell.swift */,
				6F26C4042A8FB2AD0072EB2E /* SarkiModel.swift */,
				6F49FECA2A8EC67100A8440C /* Main.storyboard */,
				6F49FECD2A8EC67200A8440C /* Assets.xcassets */,
				6F49FECF2A8EC67200A8440C /* LaunchScreen.storyboard */,
				6F49FED22A8EC67200A8440C /* Info.plist */,
			);
			path = YoutubeMusic;
			sourceTree = "<group>";
		};
/* End PBXGroup section */

/* Begin PBXNativeTarget section */
		6F49FEC02A8EC67100A8440C /* YoutubeMusic */ = {
			isa = PBXNativeTarget;
			buildConfigurationList = 6F49FED52A8EC67200A8440C /* Build configuration list for PBXNativeTarget "YoutubeMusic" */;
			buildPhases = (
				6F49FEBD2A8EC67100A8440C /* Sources */,
				6F49FEBE2A8EC67100A8440C /* Frameworks */,
				6F49FEBF2A8EC67100A8440C /* Resources */,
			);
			buildRules = (
			);
			dependencies = (
			);
			name = YoutubeMusic;
			productName = YoutubeMusic;
			productReference = 6F49FEC12A8EC67100A8440C /* YoutubeMusic.app */;
			productType = "com.apple.product-type.application";
		};
/* End PBXNativeTarget section */

/* Begin PBXProject section */
		6F49FEB92A8EC67100A8440C /* Project object */ = {
			isa = PBXProject;
			attributes = {
				BuildIndependentTargetsInParallel = 1;
				LastSwiftUpdateCheck = 1420;
				LastUpgradeCheck = 1420;
				TargetAttributes = {
					6F49FEC02A8EC67100A8440C = {
						CreatedOnToolsVersion = 14.2;
					};
				};
			};
			buildConfigurationList = 6F49FEBC2A8EC67100A8440C /* Build configuration list for PBXProject "YoutubeMusic" */;
			compatibilityVersion = "Xcode 14.0";
			developmentRegion = en;
			hasScannedForEncodings = 0;
			knownRegions = (
				en,
				Base,
			);
			mainGroup = 6F49FEB82A8EC67100A8440C;
			productRefGroup = 6F49FEC22A8EC67100A8440C /* Products */;
			projectDirPath = "";
			projectRoot = "";
			targets = (
				6F49FEC02A8EC67100A8440C /* YoutubeMusic */,
			);
		};
/* End PBXProject section */

/* Begin PBXResourcesBuildPhase section */
		6F49FEBF2A8EC67100A8440C /* Resources */ = {
			isa = PBXResourcesBuildPhase;
			buildActionMask = 2147483647;
			files = (
				6F49FED12A8EC67200A8440C /* LaunchScreen.storyboard in Resources */,
				6F49FECE2A8EC67200A8440C /* Assets.xcassets in Resources */,
				6F49FECC2A8EC67100A8440C /* Main.storyboard in Resources */,
			);
			runOnlyForDeploymentPostprocessing = 0;
		};
/* End PBXResourcesBuildPhase section */

/* Begin PBXSourcesBuildPhase section */
		6F49FEBD2A8EC67100A8440C /* Sources */ = {
			isa = PBXSourcesBuildPhase;
			buildActionMask = 2147483647;
			files = (
				6F49FEC92A8EC67100A8440C /* ViewController.swift in Sources */,
				6F26C4052A8FB2AD0072EB2E /* SarkiModel.swift in Sources */,
				6FC83BB22A90C45F00C921EA /* SarkiDerlemesiCollectionViewCell.swift in Sources */,
				6F49FEC52A8EC67100A8440C /* AppDelegate.swift in Sources */,
				6F26C4032A8FA1380072EB2E /* CollectionViewCell.swift in Sources */,
				6F49FEC72A8EC67100A8440C /* SceneDelegate.swift in Sources */,
				6FC83BB02A901F9900C921EA /* SarkiModel2.swift in Sources */,
			);
			runOnlyForDeploymentPostprocessing = 0;
		};
/* End PBXSourcesBuildPhase section */

/* Begin PBXVariantGroup section */
		6F49FECA2A8EC67100A8440C /* Main.storyboard */ = {
			isa = PBXVariantGroup;
			children = (
				6F49FECB2A8EC67100A8440C /* Base */,
			);
			name = Main.storyboard;
			sourceTree = "<group>";
		};
		6F49FECF2A8EC67200A8440C /* LaunchScreen.storyboard */ = {
			isa = PBXVariantGroup;
			children = (
				6F49FED02A8EC67200A8440C /* Base */,
			);
			name = LaunchScreen.storyboard;
			sourceTree = "<group>";
		};
/* End PBXVariantGroup section */

/* Begin XCBuildConfiguration section */
		6F49FED32A8EC67200A8440C /* Debug */ = {
			isa = XCBuildConfiguration;
			buildSettings = {
				ALWAYS_SEARCH_USER_PATHS = NO;
				CLANG_ANALYZER_NONNULL = YES;
				CLANG_ANALYZER_NUMBER_OBJECT_CONVERSION = YES_AGGRESSIVE;
				CLANG_CXX_LANGUAGE_STANDARD = "gnu++20";
				CLANG_ENABLE_MODULES = YES;
				CLANG_ENABLE_OBJC_ARC = YES;
				CLANG_ENABLE_OBJC_WEAK = YES;
				CLANG_WARN_BLOCK_CAPTURE_AUTORELEASING = YES;
				CLANG_WARN_BOOL_CONVERSION = YES;
				CLANG_WARN_COMMA = YES;
				CLANG_WARN_CONSTANT_CONVERSION = YES;
				CLANG_WARN_DEPRECATED_OBJC_IMPLEMENTATIONS = YES;
				CLANG_WARN_DIRECT_OBJC_ISA_USAGE = YES_ERROR;
				CLANG_WARN_DOCUMENTATION_COMMENTS = YES;
				CLANG_WARN_EMPTY_BODY = YES;
				CLANG_WARN_ENUM_CONVERSION = YES;
				CLANG_WARN_INFINITE_RECURSION = YES;
				CLANG_WARN_INT_CONVERSION = YES;
				CLANG_WARN_NON_LITERAL_NULL_CONVERSION = YES;
				CLANG_WARN_OBJC_IMPLICIT_RETAIN_SELF = YES;
				CLANG_WARN_OBJC_LITERAL_CONVERSION = YES;
				CLANG_WARN_OBJC_ROOT_CLASS = YES_ERROR;
				CLANG_WARN_QUOTED_INCLUDE_IN_FRAMEWORK_HEADER = YES;
				CLANG_WARN_RANGE_LOOP_ANALYSIS = YES;
				CLANG_WARN_STRICT_PROTOTYPES = YES;
				CLANG_WARN_SUSPICIOUS_MOVE = YES;
				CLANG_WARN_UNGUARDED_AVAILABILITY = YES_AGGRESSIVE;
				CLANG_WARN_UNREACHABLE_CODE = YES;
				CLANG_WARN__DUPLICATE_METHOD_MATCH = YES;
				COPY_PHASE_STRIP = NO;
				DEBUG_INFORMATION_FORMAT = dwarf;
				ENABLE_STRICT_OBJC_MSGSEND = YES;
				ENABLE_TESTABILITY = YES;
				GCC_C_LANGUAGE_STANDARD = gnu11;
				GCC_DYNAMIC_NO_PIC = NO;
				GCC_NO_COMMON_BLOCKS = YES;
				GCC_OPTIMIZATION_LEVEL = 0;
				GCC_PREPROCESSOR_DEFINITIONS = (
					"DEBUG=1",
					"$(inherited)",
				);
				GCC_WARN_64_TO_32_BIT_CONVERSION = YES;
				GCC_WARN_ABOUT_RETURN_TYPE = YES_ERROR;
				GCC_WARN_UNDECLARED_SELECTOR = YES;
				GCC_WARN_UNINITIALIZED_AUTOS = YES_AGGRESSIVE;
				GCC_WARN_UNUSED_FUNCTION = YES;
				GCC_WARN_UNUSED_VARIABLE = YES;
				IPHONEOS_DEPLOYMENT_TARGET = 16.2;
				MTL_ENABLE_DEBUG_INFO = INCLUDE_SOURCE;
				MTL_FAST_MATH = YES;
				ONLY_ACTIVE_ARCH = YES;
				SDKROOT = iphoneos;
				SWIFT_ACTIVE_COMPILATION_CONDITIONS = DEBUG;
				SWIFT_OPTIMIZATION_LEVEL = "-Onone";
			};
			name = Debug;
		};
		6F49FED42A8EC67200A8440C /* Release */ = {
			isa = XCBuildConfiguration;
			buildSettings = {
				ALWAYS_SEARCH_USER_PATHS = NO;
				CLANG_ANALYZER_NONNULL = YES;
				CLANG_ANALYZER_NUMBER_OBJECT_CONVERSION = YES_AGGRESSIVE;
				CLANG_CXX_LANGUAGE_STANDARD = "gnu++20";
				CLANG_ENABLE_MODULES = YES;
				CLANG_ENABLE_OBJC_ARC = YES;
				CLANG_ENABLE_OBJC_WEAK = YES;
				CLANG_WARN_BLOCK_CAPTURE_AUTORELEASING = YES;
				CLANG_WARN_BOOL_CONVERSION = YES;
				CLANG_WARN_COMMA = YES;
				CLANG_WARN_CONSTANT_CONVERSION = YES;
				CLANG_WARN_DEPRECATED_OBJC_IMPLEMENTATIONS = YES;
				CLANG_WARN_DIRECT_OBJC_ISA_USAGE = YES_ERROR;
				CLANG_WARN_DOCUMENTATION_COMMENTS = YES;
				CLANG_WARN_EMPTY_BODY = YES;
				CLANG_WARN_ENUM_CONVERSION = YES;
				CLANG_WARN_INFINITE_RECURSION = YES;
				CLANG_WARN_INT_CONVERSION = YES;
				CLANG_WARN_NON_LITERAL_NULL_CONVERSION = YES;
				CLANG_WARN_OBJC_IMPLICIT_RETAIN_SELF = YES;
				CLANG_WARN_OBJC_LITERAL_CONVERSION = YES;
				CLANG_WARN_OBJC_ROOT_CLASS = YES_ERROR;
				CLANG_WARN_QUOTED_INCLUDE_IN_FRAMEWORK_HEADER = YES;
				CLANG_WARN_RANGE_LOOP_ANALYSIS = YES;
				CLANG_WARN_STRICT_PROTOTYPES = YES;
				CLANG_WARN_SUSPICIOUS_MOVE = YES;
				CLANG_WARN_UNGUARDED_AVAILABILITY = YES_AGGRESSIVE;
				CLANG_WARN_UNREACHABLE_CODE = YES;
				CLANG_WARN__DUPLICATE_METHOD_MATCH = YES;
				COPY_PHASE_STRIP = NO;
				DEBUG_INFORMATION_FORMAT = "dwarf-with-dsym";
				ENABLE_NS_ASSERTIONS = NO;
				ENABLE_STRICT_OBJC_MSGSEND = YES;
				GCC_C_LANGUAGE_STANDARD = gnu11;
				GCC_NO_COMMON_BLOCKS = YES;
				GCC_WARN_64_TO_32_BIT_CONVERSION = YES;
				GCC_WARN_ABOUT_RETURN_TYPE = YES_ERROR;
				GCC_WARN_UNDECLARED_SELECTOR = YES;
				GCC_WARN_UNINITIALIZED_AUTOS = YES_AGGRESSIVE;
				GCC_WARN_UNUSED_FUNCTION = YES;
				GCC_WARN_UNUSED_VARIABLE = YES;
				IPHONEOS_DEPLOYMENT_TARGET = 16.2;
				MTL_ENABLE_DEBUG_INFO = NO;
				MTL_FAST_MATH = YES;
				SDKROOT = iphoneos;
				SWIFT_COMPILATION_MODE = wholemodule;
				SWIFT_OPTIMIZATION_LEVEL = "-O";
				VALIDATE_PRODUCT = YES;
			};
			name = Release;
		};
		6F49FED62A8EC67200A8440C /* Debug */ = {
			isa = XCBuildConfiguration;
			buildSettings = {
				ASSETCATALOG_COMPILER_APPICON_NAME = AppIcon;
				ASSETCATALOG_COMPILER_GLOBAL_ACCENT_COLOR_NAME = AccentColor;
				CODE_SIGN_STYLE = Automatic;
				CURRENT_PROJECT_VERSION = 1;
				DEVELOPMENT_TEAM = 864FBL7T58;
				GENERATE_INFOPLIST_FILE = YES;
				INFOPLIST_FILE = YoutubeMusic/Info.plist;
				INFOPLIST_KEY_UIApplicationSupportsIndirectInputEvents = YES;
				INFOPLIST_KEY_UILaunchStoryboardName = LaunchScreen;
				INFOPLIST_KEY_UIMainStoryboardFile = Main;
				INFOPLIST_KEY_UISupportedInterfaceOrientations_iPad = "UIInterfaceOrientationPortrait UIInterfaceOrientationPortraitUpsideDown UIInterfaceOrientationLandscapeLeft UIInterfaceOrientationLandscapeRight";
				INFOPLIST_KEY_UISupportedInterfaceOrientations_iPhone = "UIInterfaceOrientationPortrait UIInterfaceOrientationLandscapeLeft UIInterfaceOrientationLandscapeRight";
				LD_RUNPATH_SEARCH_PATHS = (
					"$(inherited)",
					"@executable_path/Frameworks",
				);
				MARKETING_VERSION = 1.0;
				PRODUCT_BUNDLE_IDENTIFIER = sedagultekin.YoutubeMusic;
				PRODUCT_NAME = "$(TARGET_NAME)";
				SWIFT_EMIT_LOC_STRINGS = YES;
				SWIFT_VERSION = 5.0;
				TARGETED_DEVICE_FAMILY = "1,2";
			};
			name = Debug;
		};
		6F49FED72A8EC67200A8440C /* Release */ = {
			isa = XCBuildConfiguration;
			buildSettings = {
				ASSETCATALOG_COMPILER_APPICON_NAME = AppIcon;
				ASSETCATALOG_COMPILER_GLOBAL_ACCENT_COLOR_NAME = AccentColor;
				CODE_SIGN_STYLE = Automatic;
				CURRENT_PROJECT_VERSION = 1;
				DEVELOPMENT_TEAM = 864FBL7T58;
				GENERATE_INFOPLIST_FILE = YES;
				INFOPLIST_FILE = YoutubeMusic/Info.plist;
				INFOPLIST_KEY_UIApplicationSupportsIndirectInputEvents = YES;
				INFOPLIST_KEY_UILaunchStoryboardName = LaunchScreen;
				INFOPLIST_KEY_UIMainStoryboardFile = Main;
				INFOPLIST_KEY_UISupportedInterfaceOrientations_iPad = "UIInterfaceOrientationPortrait UIInterfaceOrientationPortraitUpsideDown UIInterfaceOrientationLandscapeLeft UIInterfaceOrientationLandscapeRight";
				INFOPLIST_KEY_UISupportedInterfaceOrientations_iPhone = "UIInterfaceOrientationPortrait UIInterfaceOrientationLandscapeLeft UIInterfaceOrientationLandscapeRight";
				LD_RUNPATH_SEARCH_PATHS = (
					"$(inherited)",
					"@executable_path/Frameworks",
				);
				MARKETING_VERSION = 1.0;
				PRODUCT_BUNDLE_IDENTIFIER = sedagultekin.YoutubeMusic;
				PRODUCT_NAME = "$(TARGET_NAME)";
				SWIFT_EMIT_LOC_STRINGS = YES;
				SWIFT_VERSION = 5.0;
				TARGETED_DEVICE_FAMILY = "1,2";
			};
			name = Release;
		};
/* End XCBuildConfiguration section */

/* Begin XCConfigurationList section */
		6F49FEBC2A8EC67100A8440C /* Build configuration list for PBXProject "YoutubeMusic" */ = {
			isa = XCConfigurationList;
			buildConfigurations = (
				6F49FED32A8EC67200A8440C /* Debug */,
				6F49FED42A8EC67200A8440C /* Release */,
			);
			defaultConfigurationIsVisible = 0;
			defaultConfigurationName = Release;
		};
		6F49FED52A8EC67200A8440C /* Build configuration list for PBXNativeTarget "YoutubeMusic" */ = {
			isa = XCConfigurationList;
			buildConfigurations = (
				6F49FED62A8EC67200A8440C /* Debug */,
				6F49FED72A8EC67200A8440C /* Release */,
			);
			defaultConfigurationIsVisible = 0;
			defaultConfigurationName = Release;
		};
/* End XCConfigurationList section */
	};
	rootObject = 6F49FEB92A8EC67100A8440C /* Project object */;
}
